
Microsoft Visual Studio Solution File, Format Version 12.00
# Visual Studio 2013
VisualStudioVersion = 12.0.31101.0
MinimumVisualStudioVersion = 10.0.40219.1
Project("{FAE04EC0-301F-11D3-BF4B-00C04F79EFBC}") = "SortingAlgorithms", "SortingAlgorithms\SortingAlgorithms.csproj", "{13527FD5-6279-4652-8339-77441C297202}"
EndProject
Project("{FAE04EC0-301F-11D3-BF4B-00C04F79EFBC}") = "Client", "Client\Client.csproj", "{EF4B1B7C-1B42-48CF-BDA5-85024DCBC55F}"
EndProject
Global
	GlobalSection(SolutionConfigurationPlatforms) = preSolution
		Debug|Any CPU = Debug|Any CPU
		Release|Any CPU = Release|Any CPU
	EndGlobalSection
	GlobalSection(ProjectConfigurationPlatforms) = postSolution
		{13527FD5-6279-4652-8339-77441C297202}.Debug|Any CPU.ActiveCfg = Debug|Any CPU
		{13527FD5-6279-4652-8339-77441C297202}.Debug|Any CPU.Build.0 = Debug|Any CPU
		{13527FD5-6279-4652-8339-77441C297202}.Release|Any CPU.ActiveCfg = Release|Any CPU
		{13527FD5-6279-4652-8339-77441C297202}.Release|Any CPU.Build.0 = Release|Any CPU
		{EF4B1B7C-1B42-48CF-BDA5-85024DCBC55F}.Debug|Any CPU.ActiveCfg = Debug|Any CPU
		{EF4B1B7C-1B42-48CF-BDA5-85024DCBC55F}.Debug|Any CPU.Build.0 = Debug|Any CPU
		{EF4B1B7C-1B42-48CF-BDA5-85024DCBC55F}.Release|Any CPU.ActiveCfg = Release|Any CPU
		{EF4B1B7C-1B42-48CF-BDA5-85024DCBC55F}.Release|Any CPU.Build.0 = Release|Any CPU
	EndGlobalSection
	GlobalSection(SolutionProperties) = preSolution
		HideSolutionNode = FALSE
	EndGlobalSection
EndGlobal
